
Microsoft Visual Studio Solution File, Format Version 12.00
# Visual Studio 14
VisualStudioVersion = 14.0.25420.1
MinimumVisualStudioVersion = 10.0.40219.1
Project("{FAE04EC0-301F-11D3-BF4B-00C04F79EFBC}") = "MyColor2", "MyColor2\MyColor2.csproj", "{0BB8B564-59EC-4F76-BD35-3CBEF657C534}"
EndProject
Project("{FAE04EC0-301F-11D3-BF4B-00C04F79EFBC}") = "DefaultColor", "DefaultColor\DefaultColor.csproj", "{92EE1511-D0C2-4410-BDFA-13FB3565665F}"
EndProject
Project("{8BC9CEB8-8B4A-11D0-8D11-00A0C91BC942}") = "GRGBKB_DLL", "GRGBKB_DLL\GRGBKB_DLL\GRGBKB_DLL.vcxproj", "{5AB5C081-90B4-400D-A78B-99191CC5453D}"
EndProject
Project("{8BC9CEB8-8B4A-11D0-8D11-00A0C91BC942}") = "audiostealer", "Audio\audiostealer\audiostealer.vcxproj", "{F7CA4DE7-548F-4298-900C-135AC0D6499C}"
EndProject
Global
	GlobalSection(SolutionConfigurationPlatforms) = preSolution
		Debug|Any CPU = Debug|Any CPU
		Debug|x64 = Debug|x64
		Debug|x86 = Debug|x86
		Release_Demo|Any CPU = Release_Demo|Any CPU
		Release_Demo|x64 = Release_Demo|x64
		Release_Demo|x86 = Release_Demo|x86
		Release|Any CPU = Release|Any CPU
		Release|x64 = Release|x64
		Release|x86 = Release|x86
		Win7 Debug|Any CPU = Win7 Debug|Any CPU
		Win7 Debug|x64 = Win7 Debug|x64
		Win7 Debug|x86 = Win7 Debug|x86
		Win7 Release|Any CPU = Win7 Release|Any CPU
		Win7 Release|x64 = Win7 Release|x64
		Win7 Release|x86 = Win7 Release|x86
		Win8 Debug|Any CPU = Win8 Debug|Any CPU
		Win8 Debug|x64 = Win8 Debug|x64
		Win8 Debug|x86 = Win8 Debug|x86
		Win8 Release|Any CPU = Win8 Release|Any CPU
		Win8 Release|x64 = Win8 Release|x64
		Win8 Release|x86 = Win8 Release|x86
		Win8.1 Debug|Any CPU = Win8.1 Debug|Any CPU
		Win8.1 Debug|x64 = Win8.1 Debug|x64
		Win8.1 Debug|x86 = Win8.1 Debug|x86
		Win8.1 Release|Any CPU = Win8.1 Release|Any CPU
		Win8.1 Release|x64 = Win8.1 Release|x64
		Win8.1 Release|x86 = Win8.1 Release|x86
	EndGlobalSection
	GlobalSection(ProjectConfigurationPlatforms) = postSolution
		{0BB8B564-59EC-4F76-BD35-3CBEF657C534}.Debug|Any CPU.ActiveCfg = Debug|Any CPU
		{0BB8B564-59EC-4F76-BD35-3CBEF657C534}.Debug|Any CPU.Build.0 = Debug|Any CPU
		{0BB8B564-59EC-4F76-BD35-3CBEF657C534}.Debug|x64.ActiveCfg = Debug|Any CPU
		{0BB8B564-59EC-4F76-BD35-3CBEF657C534}.Debug|x64.Build.0 = Debug|Any CPU
		{0BB8B564-59EC-4F76-BD35-3CBEF657C534}.Debug|x86.ActiveCfg = Debug|Any CPU
		{0BB8B564-59EC-4F76-BD35-3CBEF657C534}.Debug|x86.Build.0 = Debug|Any CPU
		{0BB8B564-59EC-4F76-BD35-3CBEF657C534}.Release_Demo|Any CPU.ActiveCfg = Release_Demo|Any CPU
		{0BB8B564-59EC-4F76-BD35-3CBEF657C534}.Release_Demo|Any CPU.Build.0 = Release_Demo|Any CPU
		{0BB8B564-59EC-4F76-BD35-3CBEF657C534}.Release_Demo|x64.ActiveCfg = Release_Demo|Any CPU
		{0BB8B564-59EC-4F76-BD35-3CBEF657C534}.Release_Demo|x64.Build.0 = Release_Demo|Any CPU
		{0BB8B564-59EC-4F76-BD35-3CBEF657C534}.Release_Demo|x86.ActiveCfg = Release_Demo|Any CPU
		{0BB8B564-59EC-4F76-BD35-3CBEF657C534}.Release_Demo|x86.Build.0 = Release_Demo|Any CPU
		{0BB8B564-59EC-4F76-BD35-3CBEF657C534}.Release|Any CPU.ActiveCfg = Release|Any CPU
		{0BB8B564-59EC-4F76-BD35-3CBEF657C534}.Release|Any CPU.Build.0 = Release|Any CPU
		{0BB8B564-59EC-4F76-BD35-3CBEF657C534}.Release|x64.ActiveCfg = Release|Any CPU
		{0BB8B564-59EC-4F76-BD35-3CBEF657C534}.Release|x64.Build.0 = Release|Any CPU
		{0BB8B564-59EC-4F76-BD35-3CBEF657C534}.Release|x86.ActiveCfg = Release|Any CPU
		{0BB8B564-59EC-4F76-BD35-3CBEF657C534}.Release|x86.Build.0 = Release|Any CPU
		{0BB8B564-59EC-4F76-BD35-3CBEF657C534}.Win7 Debug|Any CPU.ActiveCfg = Debug|Any CPU
		{0BB8B564-59EC-4F76-BD35-3CBEF657C534}.Win7 Debug|Any CPU.Build.0 = Debug|Any CPU
		{0BB8B564-59EC-4F76-BD35-3CBEF657C534}.Win7 Debug|x64.ActiveCfg = Debug|Any CPU
		{0BB8B564-59EC-4F76-BD35-3CBEF657C534}.Win7 Debug|x64.Build.0 = Debug|Any CPU
		{0BB8B564-59EC-4F76-BD35-3CBEF657C534}.Win7 Debug|x86.ActiveCfg = Debug|Any CPU
		{0BB8B564-59EC-4F76-BD35-3CBEF657C534}.Win7 Debug|x86.Build.0 = Debug|Any CPU
		{0BB8B564-59EC-4F76-BD35-3CBEF657C534}.Win7 Release|Any CPU.ActiveCfg = Release|Any CPU
		{0BB8B564-59EC-4F76-BD35-3CBEF657C534}.Win7 Release|Any CPU.Build.0 = Release|Any CPU
		{0BB8B564-59EC-4F76-BD35-3CBEF657C534}.Win7 Release|x64.ActiveCfg = Release|Any CPU
		{0BB8B564-59EC-4F76-BD35-3CBEF657C534}.Win7 Release|x64.Build.0 = Release|Any CPU
		{0BB8B564-59EC-4F76-BD35-3CBEF657C534}.Win7 Release|x86.ActiveCfg = Release|Any CPU
		{0BB8B564-59EC-4F76-BD35-3CBEF657C534}.Win7 Release|x86.Build.0 = Release|Any CPU
		{0BB8B564-59EC-4F76-BD35-3CBEF657C534}.Win8 Debug|Any CPU.ActiveCfg = Debug|Any CPU
		{0BB8B564-59EC-4F76-BD35-3CBEF657C534}.Win8 Debug|Any CPU.Build.0 = Debug|Any CPU
		{0BB8B564-59EC-4F76-BD35-3CBEF657C534}.Win8 Debug|x64.ActiveCfg = Debug|Any CPU
		{0BB8B564-59EC-4F76-BD35-3CBEF657C534}.Win8 Debug|x64.Build.0 = Debug|Any CPU
		{0BB8B564-59EC-4F76-BD35-3CBEF657C534}.Win8 Debug|x86.ActiveCfg = Debug|Any CPU
		{0BB8B564-59EC-4F76-BD35-3CBEF657C534}.Win8 Debug|x86.Build.0 = Debug|Any CPU
		{0BB8B564-59EC-4F76-BD35-3CBEF657C534}.Win8 Release|Any CPU.ActiveCfg = Release|Any CPU
		{0BB8B564-59EC-4F76-BD35-3CBEF657C534}.Win8 Release|Any CPU.Build.0 = Release|Any CPU
		{0BB8B564-59EC-4F76-BD35-3CBEF657C534}.Win8 Release|x64.ActiveCfg = Release|Any CPU
		{0BB8B564-59EC-4F76-BD35-3CBEF657C534}.Win8 Release|x64.Build.0 = Release|Any CPU
		{0BB8B564-59EC-4F76-BD35-3CBEF657C534}.Win8 Release|x86.ActiveCfg = Release|Any CPU
		{0BB8B564-59EC-4F76-BD35-3CBEF657C534}.Win8 Release|x86.Build.0 = Release|Any CPU
		{0BB8B564-59EC-4F76-BD35-3CBEF657C534}.Win8.1 Debug|Any CPU.ActiveCfg = Debug|Any CPU
		{0BB8B564-59EC-4F76-BD35-3CBEF657C534}.Win8.1 Debug|Any CPU.Build.0 = Debug|Any CPU
		{0BB8B564-59EC-4F76-BD35-3CBEF657C534}.Win8.1 Debug|x64.ActiveCfg = Debug|Any CPU
		{0BB8B564-59EC-4F76-BD35-3CBEF657C534}.Win8.1 Debug|x64.Build.0 = Debug|Any CPU
		{0BB8B564-59EC-4F76-BD35-3CBEF657C534}.Win8.1 Debug|x86.ActiveCfg = Debug|Any CPU
		{0BB8B564-59EC-4F76-BD35-3CBEF657C534}.Win8.1 Debug|x86.Build.0 = Debug|Any CPU
		{0BB8B564-59EC-4F76-BD35-3CBEF657C534}.Win8.1 Release|Any CPU.ActiveCfg = Release|Any CPU
		{0BB8B564-59EC-4F76-BD35-3CBEF657C534}.Win8.1 Release|Any CPU.Build.0 = Release|Any CPU
		{0BB8B564-59EC-4F76-BD35-3CBEF657C534}.Win8.1 Release|x64.ActiveCfg = Release|Any CPU
		{0BB8B564-59EC-4F76-BD35-3CBEF657C534}.Win8.1 Release|x64.Build.0 = Release|Any CPU
		{0BB8B564-59EC-4F76-BD35-3CBEF657C534}.Win8.1 Release|x86.ActiveCfg = Release|Any CPU
		{0BB8B564-59EC-4F76-BD35-3CBEF657C534}.Win8.1 Release|x86.Build.0 = Release|Any CPU
		{92EE1511-D0C2-4410-BDFA-13FB3565665F}.Debug|Any CPU.ActiveCfg = Debug|Any CPU
		{92EE1511-D0C2-4410-BDFA-13FB3565665F}.Debug|Any CPU.Build.0 = Debug|Any CPU
		{92EE1511-D0C2-4410-BDFA-13FB3565665F}.Debug|x64.ActiveCfg = Debug|Any CPU
		{92EE1511-D0C2-4410-BDFA-13FB3565665F}.Debug|x64.Build.0 = Debug|Any CPU
		{92EE1511-D0C2-4410-BDFA-13FB3565665F}.Debug|x86.ActiveCfg = Debug|Any CPU
		{92EE1511-D0C2-4410-BDFA-13FB3565665F}.Debug|x86.Build.0 = Debug|Any CPU
		{92EE1511-D0C2-4410-BDFA-13FB3565665F}.Release_Demo|Any CPU.ActiveCfg = Release|Any CPU
		{92EE1511-D0C2-4410-BDFA-13FB3565665F}.Release_Demo|Any CPU.Build.0 = Release|Any CPU
		{92EE1511-D0C2-4410-BDFA-13FB3565665F}.Release_Demo|x64.ActiveCfg = Release|Any CPU
		{92EE1511-D0C2-4410-BDFA-13FB3565665F}.Release_Demo|x64.Build.0 = Release|Any CPU
		{92EE1511-D0C2-4410-BDFA-13FB3565665F}.Release_Demo|x86.ActiveCfg = Release|Any CPU
		{92EE1511-D0C2-4410-BDFA-13FB3565665F}.Release_Demo|x86.Build.0 = Release|Any CPU
		{92EE1511-D0C2-4410-BDFA-13FB3565665F}.Release|Any CPU.ActiveCfg = Release|Any CPU
		{92EE1511-D0C2-4410-BDFA-13FB3565665F}.Release|Any CPU.Build.0 = Release|Any CPU
		{92EE1511-D0C2-4410-BDFA-13FB3565665F}.Release|x64.ActiveCfg = Release|Any CPU
		{92EE1511-D0C2-4410-BDFA-13FB3565665F}.Release|x64.Build.0 = Release|Any CPU
		{92EE1511-D0C2-4410-BDFA-13FB3565665F}.Release|x86.ActiveCfg = Release|Any CPU
		{92EE1511-D0C2-4410-BDFA-13FB3565665F}.Release|x86.Build.0 = Release|Any CPU
		{92EE1511-D0C2-4410-BDFA-13FB3565665F}.Win7 Debug|Any CPU.ActiveCfg = Debug|Any CPU
		{92EE1511-D0C2-4410-BDFA-13FB3565665F}.Win7 Debug|Any CPU.Build.0 = Debug|Any CPU
		{92EE1511-D0C2-4410-BDFA-13FB3565665F}.Win7 Debug|x64.ActiveCfg = Debug|Any CPU
		{92EE1511-D0C2-4410-BDFA-13FB3565665F}.Win7 Debug|x64.Build.0 = Debug|Any CPU
		{92EE1511-D0C2-4410-BDFA-13FB3565665F}.Win7 Debug|x86.ActiveCfg = Debug|Any CPU
		{92EE1511-D0C2-4410-BDFA-13FB3565665F}.Win7 Debug|x86.Build.0 = Debug|Any CPU
		{92EE1511-D0C2-4410-BDFA-13FB3565665F}.Win7 Release|Any CPU.ActiveCfg = Release|Any CPU
		{92EE1511-D0C2-4410-BDFA-13FB3565665F}.Win7 Release|Any CPU.Build.0 = Release|Any CPU
		{92EE1511-D0C2-4410-BDFA-13FB3565665F}.Win7 Release|x64.ActiveCfg = Release|Any CPU
		{92EE1511-D0C2-4410-BDFA-13FB3565665F}.Win7 Release|x64.Build.0 = Release|Any CPU
		{92EE1511-D0C2-4410-BDFA-13FB3565665F}.Win7 Release|x86.ActiveCfg = Release|Any CPU
		{92EE1511-D0C2-4410-BDFA-13FB3565665F}.Win7 Release|x86.Build.0 = Release|Any CPU
		{92EE1511-D0C2-4410-BDFA-13FB3565665F}.Win8 Debug|Any CPU.ActiveCfg = Debug|Any CPU
		{92EE1511-D0C2-4410-BDFA-13FB3565665F}.Win8 Debug|Any CPU.Build.0 = Debug|Any CPU
		{92EE1511-D0C2-4410-BDFA-13FB3565665F}.Win8 Debug|x64.ActiveCfg = Debug|Any CPU
		{92EE1511-D0C2-4410-BDFA-13FB3565665F}.Win8 Debug|x64.Build.0 = Debug|Any CPU
		{92EE1511-D0C2-4410-BDFA-13FB3565665F}.Win8 Debug|x86.ActiveCfg = Debug|Any CPU
		{92EE1511-D0C2-4410-BDFA-13FB3565665F}.Win8 Debug|x86.Build.0 = Debug|Any CPU
		{92EE1511-D0C2-4410-BDFA-13FB3565665F}.Win8 Release|Any CPU.ActiveCfg = Release|Any CPU
		{92EE1511-D0C2-4410-BDFA-13FB3565665F}.Win8 Release|Any CPU.Build.0 = Release|Any CPU
		{92EE1511-D0C2-4410-BDFA-13FB3565665F}.Win8 Release|x64.ActiveCfg = Release|Any CPU
		{92EE1511-D0C2-4410-BDFA-13FB3565665F}.Win8 Release|x64.Build.0 = Release|Any CPU
		{92EE1511-D0C2-4410-BDFA-13FB3565665F}.Win8 Release|x86.ActiveCfg = Release|Any CPU
		{92EE1511-D0C2-4410-BDFA-13FB3565665F}.Win8 Release|x86.Build.0 = Release|Any CPU
		{92EE1511-D0C2-4410-BDFA-13FB3565665F}.Win8.1 Debug|Any CPU.ActiveCfg = Debug|Any CPU
		{92EE1511-D0C2-4410-BDFA-13FB3565665F}.Win8.1 Debug|Any CPU.Build.0 = Debug|Any CPU
		{92EE1511-D0C2-4410-BDFA-13FB3565665F}.Win8.1 Debug|x64.ActiveCfg = Debug|Any CPU
		{92EE1511-D0C2-4410-BDFA-13FB3565665F}.Win8.1 Debug|x64.Build.0 = Debug|Any CPU
		{92EE1511-D0C2-4410-BDFA-13FB3565665F}.Win8.1 Debug|x86.ActiveCfg = Debug|Any CPU
		{92EE1511-D0C2-4410-BDFA-13FB3565665F}.Win8.1 Debug|x86.Build.0 = Debug|Any CPU
		{92EE1511-D0C2-4410-BDFA-13FB3565665F}.Win8.1 Release|Any CPU.ActiveCfg = Release|Any CPU
		{92EE1511-D0C2-4410-BDFA-13FB3565665F}.Win8.1 Release|Any CPU.Build.0 = Release|Any CPU
		{92EE1511-D0C2-4410-BDFA-13FB3565665F}.Win8.1 Release|x64.ActiveCfg = Release|Any CPU
		{92EE1511-D0C2-4410-BDFA-13FB3565665F}.Win8.1 Release|x64.Build.0 = Release|Any CPU
		{92EE1511-D0C2-4410-BDFA-13FB3565665F}.Win8.1 Release|x86.ActiveCfg = Release|Any CPU
		{92EE1511-D0C2-4410-BDFA-13FB3565665F}.Win8.1 Release|x86.Build.0 = Release|Any CPU
		{5AB5C081-90B4-400D-A78B-99191CC5453D}.Debug|Any CPU.ActiveCfg = Debug|Win32
		{5AB5C081-90B4-400D-A78B-99191CC5453D}.Debug|x64.ActiveCfg = Debug|x64
		{5AB5C081-90B4-400D-A78B-99191CC5453D}.Debug|x64.Build.0 = Debug|x64
		{5AB5C081-90B4-400D-A78B-99191CC5453D}.Debug|x86.ActiveCfg = Debug|Win32
		{5AB5C081-90B4-400D-A78B-99191CC5453D}.Debug|x86.Build.0 = Debug|Win32
		{5AB5C081-90B4-400D-A78B-99191CC5453D}.Release_Demo|Any CPU.ActiveCfg = Release|x64
		{5AB5C081-90B4-400D-A78B-99191CC5453D}.Release_Demo|Any CPU.Build.0 = Release|x64
		{5AB5C081-90B4-400D-A78B-99191CC5453D}.Release_Demo|x64.ActiveCfg = Release|x64
		{5AB5C081-90B4-400D-A78B-99191CC5453D}.Release_Demo|x64.Build.0 = Release|x64
		{5AB5C081-90B4-400D-A78B-99191CC5453D}.Release_Demo|x86.ActiveCfg = Release|Win32
		{5AB5C081-90B4-400D-A78B-99191CC5453D}.Release_Demo|x86.Build.0 = Release|Win32
		{5AB5C081-90B4-400D-A78B-99191CC5453D}.Release|Any CPU.ActiveCfg = Release|Win32
		{5AB5C081-90B4-400D-A78B-99191CC5453D}.Release|x64.ActiveCfg = Release|x64
		{5AB5C081-90B4-400D-A78B-99191CC5453D}.Release|x64.Build.0 = Release|x64
		{5AB5C081-90B4-400D-A78B-99191CC5453D}.Release|x86.ActiveCfg = Release|Win32
		{5AB5C081-90B4-400D-A78B-99191CC5453D}.Release|x86.Build.0 = Release|Win32
		{5AB5C081-90B4-400D-A78B-99191CC5453D}.Win7 Debug|Any CPU.ActiveCfg = Release|x64
		{5AB5C081-90B4-400D-A78B-99191CC5453D}.Win7 Debug|Any CPU.Build.0 = Release|x64
		{5AB5C081-90B4-400D-A78B-99191CC5453D}.Win7 Debug|x64.ActiveCfg = Debug|x64
		{5AB5C081-90B4-400D-A78B-99191CC5453D}.Win7 Debug|x64.Build.0 = Debug|x64
		{5AB5C081-90B4-400D-A78B-99191CC5453D}.Win7 Debug|x86.ActiveCfg = Debug|Win32
		{5AB5C081-90B4-400D-A78B-99191CC5453D}.Win7 Debug|x86.Build.0 = Debug|Win32
		{5AB5C081-90B4-400D-A78B-99191CC5453D}.Win7 Release|Any CPU.ActiveCfg = Release|x64
		{5AB5C081-90B4-400D-A78B-99191CC5453D}.Win7 Release|Any CPU.Build.0 = Release|x64
		{5AB5C081-90B4-400D-A78B-99191CC5453D}.Win7 Release|x64.ActiveCfg = Release|x64
		{5AB5C081-90B4-400D-A78B-99191CC5453D}.Win7 Release|x64.Build.0 = Release|x64
		{5AB5C081-90B4-400D-A78B-99191CC5453D}.Win7 Release|x86.ActiveCfg = Release|Win32
		{5AB5C081-90B4-400D-A78B-99191CC5453D}.Win7 Release|x86.Build.0 = Release|Win32
		{5AB5C081-90B4-400D-A78B-99191CC5453D}.Win8 Debug|Any CPU.ActiveCfg = Release|x64
		{5AB5C081-90B4-400D-A78B-99191CC5453D}.Win8 Debug|Any CPU.Build.0 = Release|x64
		{5AB5C081-90B4-400D-A78B-99191CC5453D}.Win8 Debug|x64.ActiveCfg = Debug|x64
		{5AB5C081-90B4-400D-A78B-99191CC5453D}.Win8 Debug|x64.Build.0 = Debug|x64
		{5AB5C081-90B4-400D-A78B-99191CC5453D}.Win8 Debug|x86.ActiveCfg = Debug|Win32
		{5AB5C081-90B4-400D-A78B-99191CC5453D}.Win8 Debug|x86.Build.0 = Debug|Win32
		{5AB5C081-90B4-400D-A78B-99191CC5453D}.Win8 Release|Any CPU.ActiveCfg = Release|x64
		{5AB5C081-90B4-400D-A78B-99191CC5453D}.Win8 Release|Any CPU.Build.0 = Release|x64
		{5AB5C081-90B4-400D-A78B-99191CC5453D}.Win8 Release|x64.ActiveCfg = Release|x64
		{5AB5C081-90B4-400D-A78B-99191CC5453D}.Win8 Release|x64.Build.0 = Release|x64
		{5AB5C081-90B4-400D-A78B-99191CC5453D}.Win8 Release|x86.ActiveCfg = Release|Win32
		{5AB5C081-90B4-400D-A78B-99191CC5453D}.Win8 Release|x86.Build.0 = Release|Win32
		{5AB5C081-90B4-400D-A78B-99191CC5453D}.Win8.1 Debug|Any CPU.ActiveCfg = Release|x64
		{5AB5C081-90B4-400D-A78B-99191CC5453D}.Win8.1 Debug|Any CPU.Build.0 = Release|x64
		{5AB5C081-90B4-400D-A78B-99191CC5453D}.Win8.1 Debug|x64.ActiveCfg = Debug|x64
		{5AB5C081-90B4-400D-A78B-99191CC5453D}.Win8.1 Debug|x64.Build.0 = Debug|x64
		{5AB5C081-90B4-400D-A78B-99191CC5453D}.Win8.1 Debug|x86.ActiveCfg = Debug|Win32
		{5AB5C081-90B4-400D-A78B-99191CC5453D}.Win8.1 Debug|x86.Build.0 = Debug|Win32
		{5AB5C081-90B4-400D-A78B-99191CC5453D}.Win8.1 Release|Any CPU.ActiveCfg = Release|x64
		{5AB5C081-90B4-400D-A78B-99191CC5453D}.Win8.1 Release|Any CPU.Build.0 = Release|x64
		{5AB5C081-90B4-400D-A78B-99191CC5453D}.Win8.1 Release|x64.ActiveCfg = Release|x64
		{5AB5C081-90B4-400D-A78B-99191CC5453D}.Win8.1 Release|x64.Build.0 = Release|x64
		{5AB5C081-90B4-400D-A78B-99191CC5453D}.Win8.1 Release|x86.ActiveCfg = Release|Win32
		{5AB5C081-90B4-400D-A78B-99191CC5453D}.Win8.1 Release|x86.Build.0 = Release|Win32
		{F7CA4DE7-548F-4298-900C-135AC0D6499C}.Debug|Any CPU.ActiveCfg = Debug|Win32
		{F7CA4DE7-548F-4298-900C-135AC0D6499C}.Debug|x64.ActiveCfg = Debug|x64
		{F7CA4DE7-548F-4298-900C-135AC0D6499C}.Debug|x64.Build.0 = Debug|x64
		{F7CA4DE7-548F-4298-900C-135AC0D6499C}.Debug|x86.ActiveCfg = Debug|Win32
		{F7CA4DE7-548F-4298-900C-135AC0D6499C}.Debug|x86.Build.0 = Debug|Win32
		{F7CA4DE7-548F-4298-900C-135AC0D6499C}.Release_Demo|Any CPU.ActiveCfg = Release|x64
		{F7CA4DE7-548F-4298-900C-135AC0D6499C}.Release_Demo|Any CPU.Build.0 = Release|x64
		{F7CA4DE7-548F-4298-900C-135AC0D6499C}.Release_Demo|x64.ActiveCfg = Release|x64
		{F7CA4DE7-548F-4298-900C-135AC0D6499C}.Release_Demo|x64.Build.0 = Release|x64
		{F7CA4DE7-548F-4298-900C-135AC0D6499C}.Release_Demo|x86.ActiveCfg = Release|Win32
		{F7CA4DE7-548F-4298-900C-135AC0D6499C}.Release_Demo|x86.Build.0 = Release|Win32
		{F7CA4DE7-548F-4298-900C-135AC0D6499C}.Release|Any CPU.ActiveCfg = Release|Win32
		{F7CA4DE7-548F-4298-900C-135AC0D6499C}.Release|x64.ActiveCfg = Release|x64
		{F7CA4DE7-548F-4298-900C-135AC0D6499C}.Release|x64.Build.0 = Release|x64
		{F7CA4DE7-548F-4298-900C-135AC0D6499C}.Release|x86.ActiveCfg = Release|Win32
		{F7CA4DE7-548F-4298-900C-135AC0D6499C}.Release|x86.Build.0 = Release|Win32
		{F7CA4DE7-548F-4298-900C-135AC0D6499C}.Win7 Debug|Any CPU.ActiveCfg = Release|x64
		{F7CA4DE7-548F-4298-900C-135AC0D6499C}.Win7 Debug|Any CPU.Build.0 = Release|x64
		{F7CA4DE7-548F-4298-900C-135AC0D6499C}.Win7 Debug|x64.ActiveCfg = Debug|x64
		{F7CA4DE7-548F-4298-900C-135AC0D6499C}.Win7 Debug|x64.Build.0 = Debug|x64
		{F7CA4DE7-548F-4298-900C-135AC0D6499C}.Win7 Debug|x86.ActiveCfg = Debug|Win32
		{F7CA4DE7-548F-4298-900C-135AC0D6499C}.Win7 Debug|x86.Build.0 = Debug|Win32
		{F7CA4DE7-548F-4298-900C-135AC0D6499C}.Win7 Release|Any CPU.ActiveCfg = Release|x64
		{F7CA4DE7-548F-4298-900C-135AC0D6499C}.Win7 Release|Any CPU.Build.0 = Release|x64
		{F7CA4DE7-548F-4298-900C-135AC0D6499C}.Win7 Release|x64.ActiveCfg = Release|x64
		{F7CA4DE7-548F-4298-900C-135AC0D6499C}.Win7 Release|x64.Build.0 = Release|x64
		{F7CA4DE7-548F-4298-900C-135AC0D6499C}.Win7 Release|x86.ActiveCfg = Release|Win32
		{F7CA4DE7-548F-4298-900C-135AC0D6499C}.Win7 Release|x86.Build.0 = Release|Win32
		{F7CA4DE7-548F-4298-900C-135AC0D6499C}.Win8 Debug|Any CPU.ActiveCfg = Release|x64
		{F7CA4DE7-548F-4298-900C-135AC0D6499C}.Win8 Debug|Any CPU.Build.0 = Release|x64
		{F7CA4DE7-548F-4298-900C-135AC0D6499C}.Win8 Debug|x64.ActiveCfg = Debug|x64
		{F7CA4DE7-548F-4298-900C-135AC0D6499C}.Win8 Debug|x64.Build.0 = Debug|x64
		{F7CA4DE7-548F-4298-900C-135AC0D6499C}.Win8 Debug|x86.ActiveCfg = Debug|Win32
		{F7CA4DE7-548F-4298-900C-135AC0D6499C}.Win8 Debug|x86.Build.0 = Debug|Win32
		{F7CA4DE7-548F-4298-900C-135AC0D6499C}.Win8 Release|Any CPU.ActiveCfg = Release|x64
		{F7CA4DE7-548F-4298-900C-135AC0D6499C}.Win8 Release|Any CPU.Build.0 = Release|x64
		{F7CA4DE7-548F-4298-900C-135AC0D6499C}.Win8 Release|x64.ActiveCfg = Release|x64
		{F7CA4DE7-548F-4298-900C-135AC0D6499C}.Win8 Release|x64.Build.0 = Release|x64
		{F7CA4DE7-548F-4298-900C-135AC0D6499C}.Win8 Release|x86.ActiveCfg = Release|Win32
		{F7CA4DE7-548F-4298-900C-135AC0D6499C}.Win8 Release|x86.Build.0 = Release|Win32
		{F7CA4DE7-548F-4298-900C-135AC0D6499C}.Win8.1 Debug|Any CPU.ActiveCfg = Release|x64
		{F7CA4DE7-548F-4298-900C-135AC0D6499C}.Win8.1 Debug|Any CPU.Build.0 = Release|x64
		{F7CA4DE7-548F-4298-900C-135AC0D6499C}.Win8.1 Debug|x64.ActiveCfg = Debug|x64
		{F7CA4DE7-548F-4298-900C-135AC0D6499C}.Win8.1 Debug|x64.Build.0 = Debug|x64
		{F7CA4DE7-548F-4298-900C-135AC0D6499C}.Win8.1 Debug|x86.ActiveCfg = Debug|Win32
		{F7CA4DE7-548F-4298-900C-135AC0D6499C}.Win8.1 Debug|x86.Build.0 = Debug|Win32
		{F7CA4DE7-548F-4298-900C-135AC0D6499C}.Win8.1 Release|Any CPU.ActiveCfg = Release|x64
		{F7CA4DE7-548F-4298-900C-135AC0D6499C}.Win8.1 Release|Any CPU.Build.0 = Release|x64
		{F7CA4DE7-548F-4298-900C-135AC0D6499C}.Win8.1 Release|x64.ActiveCfg = Release|x64
		{F7CA4DE7-548F-4298-900C-135AC0D6499C}.Win8.1 Release|x64.Build.0 = Release|x64
		{F7CA4DE7-548F-4298-900C-135AC0D6499C}.Win8.1 Release|x86.ActiveCfg = Release|Win32
		{F7CA4DE7-548F-4298-900C-135AC0D6499C}.Win8.1 Release|x86.Build.0 = Release|Win32
	EndGlobalSection
	GlobalSection(SolutionProperties) = preSolution
		HideSolutionNode = FALSE
	EndGlobalSection
EndGlobal
